PODS:
  - DeviceKit (1.11.0)
  - JVCAGradientLayerExtensions (0.1.0)
  - JVCAShapeLayerExtensions (0.1.0)
  - JVChangeableValue (0.1.0)
  - JVConstraintEdges (0.2.8):
    - JVContentType
    - JVSizeable
  - JVContentType (0.1.7)
  - JVCurrentDevice (0.1.1):
    - DeviceKit
  - JVFontUtils (0.1.0)
  - JVGradientLayer (0.1.2):
    - JVCAGradientLayerExtensions
    - JVContentType
  - JVRestartable (0.1.6)
  - JVShapeHalfMoon (0.1.1):
    - JVCAShapeLayerExtensions
    - JVContentType
  - JVSizeable (0.1.0)
  - JVTextField (0.1.0):
    - JVChangeableValue
    - JVView
  - JVView (0.2.0):
    - JVConstraintEdges
    - JVContentType
    - JVCurrentDevice
    - JVFontUtils
    - JVGradientLayer
    - JVRestartable
    - JVShapeHalfMoon
    - JVSizeable

DEPENDENCIES:
  - JVTextField (from `../`)

SPEC REPOS:
  https://github.com/cocoapods/specs.git:
    - DeviceKit
  "https://Jasperav@bitbucket.org/Jasperav/specs.git":
    - JVCAGradientLayerExtensions
    - JVCAShapeLayerExtensions
    - JVChangeableValue
    - JVConstraintEdges
    - JVContentType
    - JVCurrentDevice
    - JVFontUtils
    - JVGradientLayer
    - JVRestartable
    - JVShapeHalfMoon
    - JVSizeable
    - JVView

EXTERNAL SOURCES:
  JVTextField:
    :path: "../"

SPEC CHECKSUMS:
  DeviceKit: a3a86f8dddbe1317a9a243cdf9646858bf135dce
  JVCAGradientLayerExtensions: fb18d708faf5adef4cb26e9c50f84c536865d18c
  JVCAShapeLayerExtensions: efbb4e48e07c68d434fa3a2c5623e787326303e4
  JVChangeableValue: 94a5f9dac2d290283b4403c4103f535d443b46f2
  JVConstraintEdges: a51d03aa08bd6ed993c0837bdb247a5bd7446204
  JVContentType: bf617302d029baefccde48eb79edc7634fd15f55
  JVCurrentDevice: 36aaad85ebb56d935de74e7b3bc47c852899dc39
  JVFontUtils: e390fee698f64889fafa4ccabd25084bdbf136b7
  JVGradientLayer: 34e464b6f5624370653606c94229e81dcf1282ea
  JVRestartable: 008c47ae1b36de3bf2cdad2299852231b5749f2a
  JVShapeHalfMoon: 31444957e7a226e800003afaee2634c8ba8129a1
  JVSizeable: 1252e6b1bed411b3fc34f6119d8eaf6803876cd3
  JVTextField: 35cc8582cdfdc1a3f759291d015b792d8155741a
  JVView: cf3480ca75335733b329dd3a34c68a743fc672dc

PODFILE CHECKSUM: b85ca6ea19b50bf7036eca82851cb548b10bc78e

COCOAPODS: 1.6.0.beta.1
